github.com/heroiclabs/nakama-common v1.32.0 h1:aCWyYf9mQzifeVu3bXBiRRL9Z/dGBgwY/rgUWoYCnQM=
github.com/heroiclabs/nakama-common v1.32.0/go.mod h1:lPG64MVCs0/tEkh311Cd6oHX9NLx2vAPx7WW7QCJHQ0=
github.com/heroiclabs/nakama-common v1.32.1-0.20240617141901-09eb4ffdf9bf h1:PpB1MCfShscfwNG04LnloAnobajN/zlKeeQNaYJe7+I=
github.com/heroiclabs/nakama-common v1.32.1-0.20240617141901-09eb4ffdf9bf/go.mod h1:lPG64MVCs0/tEkh311Cd6oHX9NLx2vAPx7WW7QCJHQ0=
